
Microsoft Visual Studio Solution File, Format Version 12.00
# Visual Studio Version 17
VisualStudioVersion = 17.7.34018.315
MinimumVisualStudioVersion = 10.0.40219.1
Project("{FAE04EC0-301F-11D3-BF4B-00C04F79EFBC}") = "övningsupgiftinförprrprrprov", "övningsupgiftinförprrprrprov\övningsupgiftinförprrprrprov.csproj", "{8BC5B9BB-E52C-4B85-94E1-3269B7492065}"
EndProject
Global
	GlobalSection(SolutionConfigurationPlatforms) = preSolution
		Debug|Any CPU = Debug|Any CPU
		Release|Any CPU = Release|Any CPU
	EndGlobalSection
	GlobalSection(ProjectConfigurationPlatforms) = postSolution
		{8BC5B9BB-E52C-4B85-94E1-3269B7492065}.Debug|Any CPU.ActiveCfg = Debug|Any CPU
		{8BC5B9BB-E52C-4B85-94E1-3269B7492065}.Debug|Any CPU.Build.0 = Debug|Any CPU
		{8BC5B9BB-E52C-4B85-94E1-3269B7492065}.Release|Any CPU.ActiveCfg = Release|Any CPU
		{8BC5B9BB-E52C-4B85-94E1-3269B7492065}.Release|Any CPU.Build.0 = Release|Any CPU
	EndGlobalSection
	GlobalSection(SolutionProperties) = preSolution
		HideSolutionNode = FALSE
	EndGlobalSection
	GlobalSection(ExtensibilityGlobals) = postSolution
		SolutionGuid = {9FA8D7ED-1516-49B4-A285-72807AE6240D}
	EndGlobalSection
EndGlobal
